
Microsoft Visual Studio Solution File, Format Version 12.00
# Visual Studio Version 16
VisualStudioVersion = 16.0.30413.136
MinimumVisualStudioVersion = 10.0.40219.1
Project("{FAE04EC0-301F-11D3-BF4B-00C04F79EFBC}") = "KartuvesGame", "KartuvesGame.csproj", "{024FF7B3-710E-41B9-9F6C-D1FCA1A217DB}"
EndProject
Global
	GlobalSection(SolutionConfigurationPlatforms) = preSolution
		Debug|Any CPU = Debug|Any CPU
		Release|Any CPU = Release|Any CPU
	EndGlobalSection
	GlobalSection(ProjectConfigurationPlatforms) = postSolution
		{024FF7B3-710E-41B9-9F6C-D1FCA1A217DB}.Debug|Any CPU.ActiveCfg = Debug|Any CPU
		{024FF7B3-710E-41B9-9F6C-D1FCA1A217DB}.Debug|Any CPU.Build.0 = Debug|Any CPU
		{024FF7B3-710E-41B9-9F6C-D1FCA1A217DB}.Release|Any CPU.ActiveCfg = Release|Any CPU
		{024FF7B3-710E-41B9-9F6C-D1FCA1A217DB}.Release|Any CPU.Build.0 = Release|Any CPU
	EndGlobalSection
	GlobalSection(SolutionProperties) = preSolution
		HideSolutionNode = FALSE
	EndGlobalSection
	GlobalSection(ExtensibilityGlobals) = postSolution
		SolutionGuid = {6116C00E-6665-462D-B906-8888F402A655}
	EndGlobalSection
EndGlobal
